
Microsoft Visual Studio Solution File, Format Version 12.00
# Visual Studio Express 2012 for Web
Project("{E24C65DC-7377-472B-9ABA-BC803B73C61A}") = "Corrupto", "http://localhost:19393", "{09380FA4-C991-4147-A2C8-E68A7097966F}"
	ProjectSection(WebsiteProperties) = preProject
		UseIISExpress = "true"
		TargetFrameworkMoniker = ".NETFramework,Version%3Dv4.5"
		ProjectReferences = "{ad610605-492d-4774-93b9-334766323502}|Corrupto.Interfaces.dll;"
		Debug.AspNetCompiler.VirtualPath = "/localhost_19393"
		Debug.AspNetCompiler.PhysicalPath = "..\Corrupto\"
		Debug.AspNetCompiler.TargetPath = "PrecompiledWeb\localhost_19393\"
		Debug.AspNetCompiler.Updateable = "true"
		Debug.AspNetCompiler.ForceOverwrite = "true"
		Debug.AspNetCompiler.FixedNames = "false"
		Debug.AspNetCompiler.Debug = "True"
		Release.AspNetCompiler.VirtualPath = "/localhost_19393"
		Release.AspNetCompiler.PhysicalPath = "..\Corrupto\"
		Release.AspNetCompiler.TargetPath = "PrecompiledWeb\localhost_19393\"
		Release.AspNetCompiler.Updateable = "true"
		Release.AspNetCompiler.ForceOverwrite = "true"
		Release.AspNetCompiler.FixedNames = "false"
		Release.AspNetCompiler.Debug = "False"
		SlnRelativePath = "..\Corrupto\"
		DefaultWebSiteLanguage = "Visual C#"
	EndProjectSection
EndProject
Project("{FAE04EC0-301F-11D3-BF4B-00C04F79EFBC}") = "Corrupto.Data", "Corrupto.Data\Corrupto.Data.csproj", "{0266222B-5C22-4CB9-8539-E859815DBB49}"
EndProject
Project("{FAE04EC0-301F-11D3-BF4B-00C04F79EFBC}") = "Corrupto.Interfaces", "Corrupto.Interfaces\Corrupto.Interfaces.csproj", "{AD610605-492D-4774-93B9-334766323502}"
EndProject
Project("{FAE04EC0-301F-11D3-BF4B-00C04F79EFBC}") = "Corrupto.Logic", "Corrupto.Logic\Corrupto.Logic.csproj", "{65E7D615-BBF4-47E3-A709-97D5BF4F5E0B}"
EndProject
Project("{FAE04EC0-301F-11D3-BF4B-00C04F79EFBC}") = "Corrupto.Twitter", "Corrupto.Twitter\Corrupto.Twitter.csproj", "{E9617880-D5E0-4FEE-A792-B13C238FC3D1}"
EndProject
Global
	GlobalSection(SolutionConfigurationPlatforms) = preSolution
		Debug|Any CPU = Debug|Any CPU
		Release|Any CPU = Release|Any CPU
	EndGlobalSection
	GlobalSection(ProjectConfigurationPlatforms) = postSolution
		{09380FA4-C991-4147-A2C8-E68A7097966F}.Debug|Any CPU.ActiveCfg = Debug|Any CPU
		{09380FA4-C991-4147-A2C8-E68A7097966F}.Debug|Any CPU.Build.0 = Debug|Any CPU
		{09380FA4-C991-4147-A2C8-E68A7097966F}.Release|Any CPU.ActiveCfg = Debug|Any CPU
		{09380FA4-C991-4147-A2C8-E68A7097966F}.Release|Any CPU.Build.0 = Debug|Any CPU
		{0266222B-5C22-4CB9-8539-E859815DBB49}.Debug|Any CPU.ActiveCfg = Debug|Any CPU
		{0266222B-5C22-4CB9-8539-E859815DBB49}.Debug|Any CPU.Build.0 = Debug|Any CPU
		{0266222B-5C22-4CB9-8539-E859815DBB49}.Release|Any CPU.ActiveCfg = Release|Any CPU
		{0266222B-5C22-4CB9-8539-E859815DBB49}.Release|Any CPU.Build.0 = Release|Any CPU
		{AD610605-492D-4774-93B9-334766323502}.Debug|Any CPU.ActiveCfg = Debug|Any CPU
		{AD610605-492D-4774-93B9-334766323502}.Debug|Any CPU.Build.0 = Debug|Any CPU
		{AD610605-492D-4774-93B9-334766323502}.Release|Any CPU.ActiveCfg = Release|Any CPU
		{AD610605-492D-4774-93B9-334766323502}.Release|Any CPU.Build.0 = Release|Any CPU
		{65E7D615-BBF4-47E3-A709-97D5BF4F5E0B}.Debug|Any CPU.ActiveCfg = Debug|Any CPU
		{65E7D615-BBF4-47E3-A709-97D5BF4F5E0B}.Debug|Any CPU.Build.0 = Debug|Any CPU
		{65E7D615-BBF4-47E3-A709-97D5BF4F5E0B}.Release|Any CPU.ActiveCfg = Release|Any CPU
		{65E7D615-BBF4-47E3-A709-97D5BF4F5E0B}.Release|Any CPU.Build.0 = Release|Any CPU
		{E9617880-D5E0-4FEE-A792-B13C238FC3D1}.Debug|Any CPU.ActiveCfg = Debug|Any CPU
		{E9617880-D5E0-4FEE-A792-B13C238FC3D1}.Debug|Any CPU.Build.0 = Debug|Any CPU
		{E9617880-D5E0-4FEE-A792-B13C238FC3D1}.Release|Any CPU.ActiveCfg = Release|Any CPU
		{E9617880-D5E0-4FEE-A792-B13C238FC3D1}.Release|Any CPU.Build.0 = Release|Any CPU
	EndGlobalSection
	GlobalSection(SolutionProperties) = preSolution
		HideSolutionNode = FALSE
	EndGlobalSection
EndGlobal
